
Microsoft Visual Studio Solution File, Format Version 12.00
# Visual Studio Version 17
VisualStudioVersion = 17.4.33205.214
MinimumVisualStudioVersion = 10.0.40219.1
Project("{FAE04EC0-301F-11D3-BF4B-00C04F79EFBC}") = "BulkyBookWeb", "BulkyBookWeb\BulkyBookWeb.csproj", "{0C352E94-F312-4714-A005-3F0D914F6D07}"
EndProject
Global
	GlobalSection(SolutionConfigurationPlatforms) = preSolution
		Debug|Any CPU = Debug|Any CPU
		Release|Any CPU = Release|Any CPU
	EndGlobalSection
	GlobalSection(ProjectConfigurationPlatforms) = postSolution
		{0C352E94-F312-4714-A005-3F0D914F6D07}.Debug|Any CPU.ActiveCfg = Debug|Any CPU
		{0C352E94-F312-4714-A005-3F0D914F6D07}.Debug|Any CPU.Build.0 = Debug|Any CPU
		{0C352E94-F312-4714-A005-3F0D914F6D07}.Release|Any CPU.ActiveCfg = Release|Any CPU
		{0C352E94-F312-4714-A005-3F0D914F6D07}.Release|Any CPU.Build.0 = Release|Any CPU
	EndGlobalSection
	GlobalSection(SolutionProperties) = preSolution
		HideSolutionNode = FALSE
	EndGlobalSection
	GlobalSection(ExtensibilityGlobals) = postSolution
		SolutionGuid = {51F8C151-BA7E-4080-9333-7CAF893A7C88}
	EndGlobalSection
EndGlobal
